
Microsoft Visual Studio Solution File, Format Version 12.00
# Visual Studio Version 17
VisualStudioVersion = 17.7.34031.279
MinimumVisualStudioVersion = 10.0.40219.1
Project("{FAE04EC0-301F-11D3-BF4B-00C04F79EFBC}") = "Az-Schulung", "Az-Schulung.csproj", "{3FD62F62-914D-440F-80B9-629DD3D7745A}"
EndProject
Global
	GlobalSection(SolutionConfigurationPlatforms) = preSolution
		Debug|Any CPU = Debug|Any CPU
		Release|Any CPU = Release|Any CPU
	EndGlobalSection
	GlobalSection(ProjectConfigurationPlatforms) = postSolution
		{3FD62F62-914D-440F-80B9-629DD3D7745A}.Debug|Any CPU.ActiveCfg = Debug|Any CPU
		{3FD62F62-914D-440F-80B9-629DD3D7745A}.Debug|Any CPU.Build.0 = Debug|Any CPU
		{3FD62F62-914D-440F-80B9-629DD3D7745A}.Release|Any CPU.ActiveCfg = Release|Any CPU
		{3FD62F62-914D-440F-80B9-629DD3D7745A}.Release|Any CPU.Build.0 = Release|Any CPU
	EndGlobalSection
	GlobalSection(SolutionProperties) = preSolution
		HideSolutionNode = FALSE
	EndGlobalSection
	GlobalSection(ExtensibilityGlobals) = postSolution
		SolutionGuid = {6925847B-EAC7-4501-B761-3A91AF2D094C}
	EndGlobalSection
EndGlobal
